
Microsoft Visual Studio Solution File, Format Version 12.00
# Visual Studio Version 17
VisualStudioVersion = 17.5.33414.496
MinimumVisualStudioVersion = 10.0.40219.1
Project("{FAE04EC0-301F-11D3-BF4B-00C04F79EFBC}") = "tpmodul5_1302210098", "tpmodul5_1302210098\tpmodul5_1302210098.csproj", "{C0AECF45-1803-46C3-B462-D4A405DA5A17}"
EndProject
Global
	GlobalSection(SolutionConfigurationPlatforms) = preSolution
		Debug|Any CPU = Debug|Any CPU
		Release|Any CPU = Release|Any CPU
	EndGlobalSection
	GlobalSection(ProjectConfigurationPlatforms) = postSolution
		{C0AECF45-1803-46C3-B462-D4A405DA5A17}.Debug|Any CPU.ActiveCfg = Debug|Any CPU
		{C0AECF45-1803-46C3-B462-D4A405DA5A17}.Debug|Any CPU.Build.0 = Debug|Any CPU
		{C0AECF45-1803-46C3-B462-D4A405DA5A17}.Release|Any CPU.ActiveCfg = Release|Any CPU
		{C0AECF45-1803-46C3-B462-D4A405DA5A17}.Release|Any CPU.Build.0 = Release|Any CPU
	EndGlobalSection
	GlobalSection(SolutionProperties) = preSolution
		HideSolutionNode = FALSE
	EndGlobalSection
	GlobalSection(ExtensibilityGlobals) = postSolution
		SolutionGuid = {C13A1F86-B892-4ECA-ABC5-29A56F557ECD}
	EndGlobalSection
EndGlobal
